
Microsoft Visual Studio Solution File, Format Version 12.00
# Visual Studio Version 17
VisualStudioVersion = 17.2.32602.215
MinimumVisualStudioVersion = 10.0.40219.1
Project("{FAE04EC0-301F-11D3-BF4B-00C04F79EFBC}") = "WPFTesting", "WPFTesting\WPFTesting.csproj", "{18D1F700-D9D8-467E-967B-1394B5830BD0}"
EndProject
Project("{FAE04EC0-301F-11D3-BF4B-00C04F79EFBC}") = "WallpapersSlideshower", "WallpapersSlideshower\WallpapersSlideshower.csproj", "{CBBC59C5-AC92-48E1-8203-D4FE6DB91B6F}"
EndProject
Global
	GlobalSection(SolutionConfigurationPlatforms) = preSolution
		Debug|Any CPU = Debug|Any CPU
		Release|Any CPU = Release|Any CPU
	EndGlobalSection
	GlobalSection(ProjectConfigurationPlatforms) = postSolution
		{18D1F700-D9D8-467E-967B-1394B5830BD0}.Debug|Any CPU.ActiveCfg = Debug|Any CPU
		{18D1F700-D9D8-467E-967B-1394B5830BD0}.Debug|Any CPU.Build.0 = Debug|Any CPU
		{18D1F700-D9D8-467E-967B-1394B5830BD0}.Release|Any CPU.ActiveCfg = Release|Any CPU
		{18D1F700-D9D8-467E-967B-1394B5830BD0}.Release|Any CPU.Build.0 = Release|Any CPU
		{CBBC59C5-AC92-48E1-8203-D4FE6DB91B6F}.Debug|Any CPU.ActiveCfg = Debug|Any CPU
		{CBBC59C5-AC92-48E1-8203-D4FE6DB91B6F}.Debug|Any CPU.Build.0 = Debug|Any CPU
		{CBBC59C5-AC92-48E1-8203-D4FE6DB91B6F}.Release|Any CPU.ActiveCfg = Release|Any CPU
		{CBBC59C5-AC92-48E1-8203-D4FE6DB91B6F}.Release|Any CPU.Build.0 = Release|Any CPU
	EndGlobalSection
	GlobalSection(SolutionProperties) = preSolution
		HideSolutionNode = FALSE
	EndGlobalSection
	GlobalSection(ExtensibilityGlobals) = postSolution
		SolutionGuid = {5E27CEE8-4BFE-4ABF-82EE-37DAF89F5947}
	EndGlobalSection
EndGlobal
